{
  "nodes": {
    "flake-utils": {
      "locked": {
        "lastModified": 1667395993,
        "narHash": "sha256-nuEHfE/LcWyuSWnS8t12N1wc105Qtau+/OdUAjtQ0rA=",
        "owner": "numtide",
        "repo": "flake-utils",
        "rev": "5aed5285a952e0b949eb3ba02c12fa4fcfef535f",
        "type": "github"
      },
      "original": {
        "owner": "numtide",
        "repo": "flake-utils",
        "type": "github"
      }
    },
    "nixpkgs": {
      "locked": {
        "lastModified": 1734529975,
        "narHash": "sha256-ze3IJksru9dN0keqUxY0WNf8xrwfs8Ty/z9v/keyBbg=",
        "owner": "NixOS",
        "repo": "nixpkgs",
        "rev": "72d11d40b9878a67c38f003c240c2d2e1811e72a",
        "type": "github"
      },
      "original": {
        "owner": "NixOS",
        "ref": "nixos-24.05",
        "repo": "nixpkgs",
        "type": "github"
      }
    },
    "root": {
      "inputs": {
        "nixpkgs": "nixpkgs",
        "serve": "serve",
        "xc": "xc"
      }
    },
    "serve": {
      "inputs": {
        "nixpkgs": [
          "nixpkgs"
        ]
      },
      "locked": {
        "lastModified": 1730076768,
        "narHash": "sha256-rc5Na+RaRfZnA+DUIBdPXQUCA+rQMkuVydVdBceK3so=",
        "owner": "a-h",
        "repo": "serve",
        "rev": "23594d8c58533c45300f222e27131f429c6b8f76",
        "type": "github"
      },
      "original": {
        "owner": "a-h",
        "repo": "serve",
        "type": "github"
      }
    },
    "xc": {
      "inputs": {
        "flake-utils": "flake-utils",
        "nixpkgs": [
          "nixpkgs"
        ]
      },
      "locked": {
        "lastModified": 1726502039,
        "narHash": "sha256-Zbzr88XKEpLx2D6jaq6KT8S5Cxe76Q9BeYpOcy3fXQk=",
        "owner": "joerdav",
        "repo": "xc",
        "rev": "6183dd54f074aa3a1b3efb716a04966e4b8bf6e5",
        "type": "github"
      },
      "original": {
        "owner": "joerdav",
        "repo": "xc",
        "type": "github"
      }
    }
  },
  "root": "root",
  "version": 7
}
